// !$*UTF8*$!
{
	archiveVersion = 1;
	classes = {
	};
	objectVersion = 77;
	objects = {

/* Begin PBXBuildFile section */
		00688EB2EACF67C7701BBDDD /* PositionEngine.swift in Sources */ = {isa = PBXBuildFile; fileRef = 9DF03A80925E254CCD96725C /* PositionEngine.swift */; };
		04E495761F359329AE08FA8C /* ArenaConfiguration.swift in Sources */ = {isa = PBXBuildFile; fileRef = 09A562305139E377DFDC4037 /* ArenaConfiguration.swift */; };
		13C9A2A1E379565B47B1FC06 /* BeaconStatusView.swift in Sources */ = {isa = PBXBuildFile; fileRef = 687F0F6B86DEFB586B5CC91B /* BeaconStatusView.swift */; };
		1B1CA85C6136F6E6BAA4419F /* TestSelectionView.swift in Sources */ = {isa = PBXBuildFile; fileRef = 7471A38811354C52B48F12A5 /* TestSelectionView.swift */; };
		250CDEE98C057123D88E6E92 /* SampleTests.swift in Sources */ = {isa = PBXBuildFile; fileRef = DD7999C6B7232FBE3CAC3D8C /* SampleTests.swift */; };
		2C33D1A0981609A5ED1A9179 /* AVFoundation.framework in Frameworks */ = {isa = PBXBuildFile; fileRef = 7493D877E22CFEE2768540A7 /* AVFoundation.framework */; };
		2D5BD68B0CC3DAF9A50DE146 /* ArenaLetter.swift in Sources */ = {isa = PBXBuildFile; fileRef = B857F4310440A6812FF8CB81 /* ArenaLetter.swift */; };
		2FDFBAE4D64598CA7BA85181 /* CoreMotion.framework in Frameworks */ = {isa = PBXBuildFile; fileRef = 7CCF1EBF47C8396979D752B2 /* CoreMotion.framework */; };
		3A74A43410E64C65E8BA6FFB /* BeaconCalibration.swift in Sources */ = {isa = PBXBuildFile; fileRef = 7759C99D81F9C5639FFEEAF1 /* BeaconCalibration.swift */; };
		4A0BF43768C86C2984E6342C /* CalibrationView.swift in Sources */ = {isa = PBXBuildFile; fileRef = E31A396D644792B228AFDFEA /* CalibrationView.swift */; };
		4B62154CE2A73B60981BDE20 /* AnnouncementService.swift in Sources */ = {isa = PBXBuildFile; fileRef = C3E93017EC21281115D229CA /* AnnouncementService.swift */; };
		4C172A71A032B61061EC8626 /* VoicePickerView.swift in Sources */ = {isa = PBXBuildFile; fileRef = 43ED962F168FCE0D0A04B1FB /* VoicePickerView.swift */; };
		67A9E30F5CB4C232C3526E83 /* RideView.swift in Sources */ = {isa = PBXBuildFile; fileRef = 12805E1DA9E3EA106BCF1426 /* RideView.swift */; };
		6CABFDF3518582375508167E /* CoreLocation.framework in Frameworks */ = {isa = PBXBuildFile; fileRef = F0656BFBCFA96476192097B2 /* CoreLocation.framework */; };
		8516CEFC1EDD1BE7DE297A4A /* HomeView.swift in Sources */ = {isa = PBXBuildFile; fileRef = CD0F003CBB03822AC5001217 /* HomeView.swift */; };
		908E6F32609D05F53F78610F /* ShareSheet.swift in Sources */ = {isa = PBXBuildFile; fileRef = 47859CA9FFEBBA6EA12166FF /* ShareSheet.swift */; };
		956081D6CC1B12876CF97D7B /* MotionService.swift in Sources */ = {isa = PBXBuildFile; fileRef = EA71F62B382B55B4DC9F1DA3 /* MotionService.swift */; };
		96E3D0288D2C9FD774FDC7B3 /* VoicePreference.swift in Sources */ = {isa = PBXBuildFile; fileRef = CF0B251ACB418FEB6A9501D4 /* VoicePreference.swift */; };
		A526F9F72AC405BA9F555E48 /* BeaconRangingService.swift in Sources */ = {isa = PBXBuildFile; fileRef = DDF1B672D0094BD179066F7B /* BeaconRangingService.swift */; };
		B59C1489C880B75DC829706B /* DressageCallerApp.swift in Sources */ = {isa = PBXBuildFile; fileRef = 65C7B86A16919F52E3FD2883 /* DressageCallerApp.swift */; };
		C7200F23E7E36E6A7810779B /* CalibrationViewModel.swift in Sources */ = {isa = PBXBuildFile; fileRef = 503496F7DC5565EDE4C04578 /* CalibrationViewModel.swift */; };
		C8B0A059BB6477FD3319AFC3 /* RiderState.swift in Sources */ = {isa = PBXBuildFile; fileRef = F0F9B8D0BAC005FF5CFC4FE1 /* RiderState.swift */; };
		CA0B41A1BD3202109ED4A36D /* RideSessionController.swift in Sources */ = {isa = PBXBuildFile; fileRef = DBCE5557D84EC7F9A6E660B5 /* RideSessionController.swift */; };
		CCF4351C4C6BC6F6D305E31C /* ArenaView.swift in Sources */ = {isa = PBXBuildFile; fileRef = 85A3C413980CADEFA3174E78 /* ArenaView.swift */; };
		D36F3534C59ED5CF71F94E38 /* SessionLogger.swift in Sources */ = {isa = PBXBuildFile; fileRef = A8E9D647AF1A818228457D04 /* SessionLogger.swift */; };
		E6D059F8B619DA7C630ED952 /* Collection+Safe.swift in Sources */ = {isa = PBXBuildFile; fileRef = 5BE51CE436723A18D2A04995 /* Collection+Safe.swift */; };
		F82EE56A751DAF3E1506A120 /* DressageTest.swift in Sources */ = {isa = PBXBuildFile; fileRef = AD343DCF0295B26CE3248829 /* DressageTest.swift */; };
/* End PBXBuildFile section */

/* Begin PBXFileReference section */
		09A562305139E377DFDC4037 /* ArenaConfiguration.swift */ = {isa = PBXFileReference; lastKnownFileType = sourcecode.swift; path = ArenaConfiguration.swift; sourceTree = "<group>"; };
		12805E1DA9E3EA106BCF1426 /* RideView.swift */ = {isa = PBXFileReference; lastKnownFileType = sourcecode.swift; path = RideView.swift; sourceTree = "<group>"; };
		43ED962F168FCE0D0A04B1FB /* VoicePickerView.swift */ = {isa = PBXFileReference; lastKnownFileType = sourcecode.swift; path = VoicePickerView.swift; sourceTree = "<group>"; };
		47859CA9FFEBBA6EA12166FF /* ShareSheet.swift */ = {isa = PBXFileReference; lastKnownFileType = sourcecode.swift; path = ShareSheet.swift; sourceTree = "<group>"; };
		4FB371BB02AF8E1067525C8A /* Info.plist */ = {isa = PBXFileReference; lastKnownFileType = text.plist; path = Info.plist; sourceTree = "<group>"; };
		503496F7DC5565EDE4C04578 /* CalibrationViewModel.swift */ = {isa = PBXFileReference; lastKnownFileType = sourcecode.swift; path = CalibrationViewModel.swift; sourceTree = "<group>"; };
		5BE51CE436723A18D2A04995 /* Collection+Safe.swift */ = {isa = PBXFileReference; lastKnownFileType = sourcecode.swift; path = "Collection+Safe.swift"; sourceTree = "<group>"; };
		65C7B86A16919F52E3FD2883 /* DressageCallerApp.swift */ = {isa = PBXFileReference; lastKnownFileType = sourcecode.swift; path = DressageCallerApp.swift; sourceTree = "<group>"; };
		687F0F6B86DEFB586B5CC91B /* BeaconStatusView.swift */ = {isa = PBXFileReference; lastKnownFileType = sourcecode.swift; path = BeaconStatusView.swift; sourceTree = "<group>"; };
		7471A38811354C52B48F12A5 /* TestSelectionView.swift */ = {isa = PBXFileReference; lastKnownFileType = sourcecode.swift; path = TestSelectionView.swift; sourceTree = "<group>"; };
		7493D877E22CFEE2768540A7 /* AVFoundation.framework */ = {isa = PBXFileReference; lastKnownFileType = wrapper.framework; name = AVFoundation.framework; path = System/Library/Frameworks/AVFoundation.framework; sourceTree = SDKROOT; };
		7759C99D81F9C5639FFEEAF1 /* BeaconCalibration.swift */ = {isa = PBXFileReference; lastKnownFileType = sourcecode.swift; path = BeaconCalibration.swift; sourceTree = "<group>"; };
		7CCF1EBF47C8396979D752B2 /* CoreMotion.framework */ = {isa = PBXFileReference; lastKnownFileType = wrapper.framework; name = CoreMotion.framework; path = System/Library/Frameworks/CoreMotion.framework; sourceTree = SDKROOT; };
		810CC0FDFCA36609667A29AF /* DressageCaller.app */ = {isa = PBXFileReference; includeInIndex = 0; lastKnownFileType = wrapper.application; path = DressageCaller.app; sourceTree = BUILT_PRODUCTS_DIR; };
		85A3C413980CADEFA3174E78 /* ArenaView.swift */ = {isa = PBXFileReference; lastKnownFileType = sourcecode.swift; path = ArenaView.swift; sourceTree = "<group>"; };
		9DF03A80925E254CCD96725C /* PositionEngine.swift */ = {isa = PBXFileReference; lastKnownFileType = sourcecode.swift; path = PositionEngine.swift; sourceTree = "<group>"; };
		A8E9D647AF1A818228457D04 /* SessionLogger.swift */ = {isa = PBXFileReference; lastKnownFileType = sourcecode.swift; path = SessionLogger.swift; sourceTree = "<group>"; };
		AD343DCF0295B26CE3248829 /* DressageTest.swift */ = {isa = PBXFileReference; lastKnownFileType = sourcecode.swift; path = DressageTest.swift; sourceTree = "<group>"; };
		B857F4310440A6812FF8CB81 /* ArenaLetter.swift */ = {isa = PBXFileReference; lastKnownFileType = sourcecode.swift; path = ArenaLetter.swift; sourceTree = "<group>"; };
		C3E93017EC21281115D229CA /* AnnouncementService.swift */ = {isa = PBXFileReference; lastKnownFileType = sourcecode.swift; path = AnnouncementService.swift; sourceTree = "<group>"; };
		CD0F003CBB03822AC5001217 /* HomeView.swift */ = {isa = PBXFileReference; lastKnownFileType = sourcecode.swift; path = HomeView.swift; sourceTree = "<group>"; };
		CF0B251ACB418FEB6A9501D4 /* VoicePreference.swift */ = {isa = PBXFileReference; lastKnownFileType = sourcecode.swift; path = VoicePreference.swift; sourceTree = "<group>"; };
		DBCE5557D84EC7F9A6E660B5 /* RideSessionController.swift */ = {isa = PBXFileReference; lastKnownFileType = sourcecode.swift; path = RideSessionController.swift; sourceTree = "<group>"; };
		DD7999C6B7232FBE3CAC3D8C /* SampleTests.swift */ = {isa = PBXFileReference; lastKnownFileType = sourcecode.swift; path = SampleTests.swift; sourceTree = "<group>"; };
		DDF1B672D0094BD179066F7B /* BeaconRangingService.swift */ = {isa = PBXFileReference; lastKnownFileType = sourcecode.swift; path = BeaconRangingService.swift; sourceTree = "<group>"; };
		E31A396D644792B228AFDFEA /* CalibrationView.swift */ = {isa = PBXFileReference; lastKnownFileType = sourcecode.swift; path = CalibrationView.swift; sourceTree = "<group>"; };
		E93CDFFEE5F16C6E7375D9A6 /* DressageCaller.entitlements */ = {isa = PBXFileReference; lastKnownFileType = text.plist.entitlements; path = DressageCaller.entitlements; sourceTree = "<group>"; };
		EA71F62B382B55B4DC9F1DA3 /* MotionService.swift */ = {isa = PBXFileReference; lastKnownFileType = sourcecode.swift; path = MotionService.swift; sourceTree = "<group>"; };
		F0656BFBCFA96476192097B2 /* CoreLocation.framework */ = {isa = PBXFileReference; lastKnownFileType = wrapper.framework; name = CoreLocation.framework; path = System/Library/Frameworks/CoreLocation.framework; sourceTree = SDKROOT; };
		F0F9B8D0BAC005FF5CFC4FE1 /* RiderState.swift */ = {isa = PBXFileReference; lastKnownFileType = sourcecode.swift; path = RiderState.swift; sourceTree = "<group>"; };
/* End PBXFileReference section */

/* Begin PBXFrameworksBuildPhase section */
		A52C4B716AEFDBCC263B457A /* Frameworks */ = {
			isa = PBXFrameworksBuildPhase;
			buildActionMask = 2147483647;
			files = (
				6CABFDF3518582375508167E /* CoreLocation.framework in Frameworks */,
				2C33D1A0981609A5ED1A9179 /* AVFoundation.framework in Frameworks */,
				2FDFBAE4D64598CA7BA85181 /* CoreMotion.framework in Frameworks */,
			);
			runOnlyForDeploymentPostprocessing = 0;
		};
/* End PBXFrameworksBuildPhase section */

/* Begin PBXGroup section */
		280B3FA81D43EA24E704E3D7 /* ViewModels */ = {
			isa = PBXGroup;
			children = (
				503496F7DC5565EDE4C04578 /* CalibrationViewModel.swift */,
			);
			path = ViewModels;
			sourceTree = "<group>";
		};
		2FD6398FB5396EB666FB64E3 /* Frameworks */ = {
			isa = PBXGroup;
			children = (
				7493D877E22CFEE2768540A7 /* AVFoundation.framework */,
				F0656BFBCFA96476192097B2 /* CoreLocation.framework */,
				7CCF1EBF47C8396979D752B2 /* CoreMotion.framework */,
			);
			name = Frameworks;
			sourceTree = "<group>";
		};
		345ACF2DC5F418FA3287CA38 /* Services */ = {
			isa = PBXGroup;
			children = (
				C3E93017EC21281115D229CA /* AnnouncementService.swift */,
				DDF1B672D0094BD179066F7B /* BeaconRangingService.swift */,
				EA71F62B382B55B4DC9F1DA3 /* MotionService.swift */,
				9DF03A80925E254CCD96725C /* PositionEngine.swift */,
				DBCE5557D84EC7F9A6E660B5 /* RideSessionController.swift */,
				A8E9D647AF1A818228457D04 /* SessionLogger.swift */,
				CF0B251ACB418FEB6A9501D4 /* VoicePreference.swift */,
			);
			path = Services;
			sourceTree = "<group>";
		};
		38401F7B03C9A0AC0A5B8823 /* Extensions */ = {
			isa = PBXGroup;
			children = (
				5BE51CE436723A18D2A04995 /* Collection+Safe.swift */,
			);
			path = Extensions;
			sourceTree = "<group>";
		};
		6B419E0623AAB6CFD3D93406 /* DressageCaller */ = {
			isa = PBXGroup;
			children = (
				E93CDFFEE5F16C6E7375D9A6 /* DressageCaller.entitlements */,
				4FB371BB02AF8E1067525C8A /* Info.plist */,
				98BBE494E833CA1BBA70D7F4 /* App */,
				38401F7B03C9A0AC0A5B8823 /* Extensions */,
				C3D9A1801E3D29D14F69EA94 /* Models */,
				345ACF2DC5F418FA3287CA38 /* Services */,
				280B3FA81D43EA24E704E3D7 /* ViewModels */,
				D80ADA6883549A8E403DA93F /* Views */,
			);
			path = DressageCaller;
			sourceTree = "<group>";
		};
		7702A08F3C5157C7A3FFA538 /* Products */ = {
			isa = PBXGroup;
			children = (
				810CC0FDFCA36609667A29AF /* DressageCaller.app */,
			);
			name = Products;
			sourceTree = "<group>";
		};
		98BBE494E833CA1BBA70D7F4 /* App */ = {
			isa = PBXGroup;
			children = (
				65C7B86A16919F52E3FD2883 /* DressageCallerApp.swift */,
			);
			path = App;
			sourceTree = "<group>";
		};
		C0A8F50DB55532132BE9E212 = {
			isa = PBXGroup;
			children = (
				6B419E0623AAB6CFD3D93406 /* DressageCaller */,
				2FD6398FB5396EB666FB64E3 /* Frameworks */,
				7702A08F3C5157C7A3FFA538 /* Products */,
			);
			sourceTree = "<group>";
		};
		C3D9A1801E3D29D14F69EA94 /* Models */ = {
			isa = PBXGroup;
			children = (
				09A562305139E377DFDC4037 /* ArenaConfiguration.swift */,
				B857F4310440A6812FF8CB81 /* ArenaLetter.swift */,
				7759C99D81F9C5639FFEEAF1 /* BeaconCalibration.swift */,
				AD343DCF0295B26CE3248829 /* DressageTest.swift */,
				F0F9B8D0BAC005FF5CFC4FE1 /* RiderState.swift */,
				DD7999C6B7232FBE3CAC3D8C /* SampleTests.swift */,
			);
			path = Models;
			sourceTree = "<group>";
		};
		D80ADA6883549A8E403DA93F /* Views */ = {
			isa = PBXGroup;
			children = (
				85A3C413980CADEFA3174E78 /* ArenaView.swift */,
				687F0F6B86DEFB586B5CC91B /* BeaconStatusView.swift */,
				E31A396D644792B228AFDFEA /* CalibrationView.swift */,
				CD0F003CBB03822AC5001217 /* HomeView.swift */,
				12805E1DA9E3EA106BCF1426 /* RideView.swift */,
				47859CA9FFEBBA6EA12166FF /* ShareSheet.swift */,
				7471A38811354C52B48F12A5 /* TestSelectionView.swift */,
				43ED962F168FCE0D0A04B1FB /* VoicePickerView.swift */,
			);
			path = Views;
			sourceTree = "<group>";
		};
/* End PBXGroup section */

/* Begin PBXNativeTarget section */
		C2E46A0A703D12954F603CA5 /* DressageCaller */ = {
			isa = PBXNativeTarget;
			buildConfigurationList = 88A9E6460F4D236D1B28C514 /* Build configuration list for PBXNativeTarget "DressageCaller" */;
			buildPhases = (
				906A41580EF7FDBE4D6E879C /* Sources */,
				A52C4B716AEFDBCC263B457A /* Frameworks */,
			);
			buildRules = (
			);
			dependencies = (
			);
			name = DressageCaller;
			packageProductDependencies = (
			);
			productName = DressageCaller;
			productReference = 810CC0FDFCA36609667A29AF /* DressageCaller.app */;
			productType = "com.apple.product-type.application";
		};
/* End PBXNativeTarget section */

/* Begin PBXProject section */
		DB70D8D38EEA9EC6A5065273 /* Project object */ = {
			isa = PBXProject;
			attributes = {
				BuildIndependentTargetsInParallel = YES;
				LastUpgradeCheck = 1600;
				TargetAttributes = {
					C2E46A0A703D12954F603CA5 = {
						DevelopmentTeam = GKLUN877QD;
						ProvisioningStyle = Automatic;
					};
				};
			};
			buildConfigurationList = 60856689305560BCA98309AC /* Build configuration list for PBXProject "DressageCaller" */;
			compatibilityVersion = "Xcode 14.0";
			developmentRegion = en;
			hasScannedForEncodings = 0;
			knownRegions = (
				Base,
				en,
			);
			mainGroup = C0A8F50DB55532132BE9E212;
			minimizedProjectReferenceProxies = 1;
			preferredProjectObjectVersion = 77;
			projectDirPath = "";
			projectRoot = "";
			targets = (
				C2E46A0A703D12954F603CA5 /* DressageCaller */,
			);
		};
/* End PBXProject section */

/* Begin PBXSourcesBuildPhase section */
		906A41580EF7FDBE4D6E879C /* Sources */ = {
			isa = PBXSourcesBuildPhase;
			buildActionMask = 2147483647;
			files = (
				4B62154CE2A73B60981BDE20 /* AnnouncementService.swift in Sources */,
				04E495761F359329AE08FA8C /* ArenaConfiguration.swift in Sources */,
				2D5BD68B0CC3DAF9A50DE146 /* ArenaLetter.swift in Sources */,
				CCF4351C4C6BC6F6D305E31C /* ArenaView.swift in Sources */,
				3A74A43410E64C65E8BA6FFB /* BeaconCalibration.swift in Sources */,
				A526F9F72AC405BA9F555E48 /* BeaconRangingService.swift in Sources */,
				13C9A2A1E379565B47B1FC06 /* BeaconStatusView.swift in Sources */,
				4A0BF43768C86C2984E6342C /* CalibrationView.swift in Sources */,
				C7200F23E7E36E6A7810779B /* CalibrationViewModel.swift in Sources */,
				E6D059F8B619DA7C630ED952 /* Collection+Safe.swift in Sources */,
				B59C1489C880B75DC829706B /* DressageCallerApp.swift in Sources */,
				F82EE56A751DAF3E1506A120 /* DressageTest.swift in Sources */,
				8516CEFC1EDD1BE7DE297A4A /* HomeView.swift in Sources */,
				956081D6CC1B12876CF97D7B /* MotionService.swift in Sources */,
				00688EB2EACF67C7701BBDDD /* PositionEngine.swift in Sources */,
				CA0B41A1BD3202109ED4A36D /* RideSessionController.swift in Sources */,
				67A9E30F5CB4C232C3526E83 /* RideView.swift in Sources */,
				C8B0A059BB6477FD3319AFC3 /* RiderState.swift in Sources */,
				250CDEE98C057123D88E6E92 /* SampleTests.swift in Sources */,
				D36F3534C59ED5CF71F94E38 /* SessionLogger.swift in Sources */,
				908E6F32609D05F53F78610F /* ShareSheet.swift in Sources */,
				1B1CA85C6136F6E6BAA4419F /* TestSelectionView.swift in Sources */,
				4C172A71A032B61061EC8626 /* VoicePickerView.swift in Sources */,
				96E3D0288D2C9FD774FDC7B3 /* VoicePreference.swift in Sources */,
			);
			runOnlyForDeploymentPostprocessing = 0;
		};
/* End PBXSourcesBuildPhase section */

/* Begin XCBuildConfiguration section */
		06F56B73098B784A05936645 /* Release */ = {
			isa = XCBuildConfiguration;
			buildSettings = {
				ASSETCATALOG_COMPILER_APPICON_NAME = AppIcon;
				CODE_SIGN_IDENTITY = "iPhone Developer";
				CODE_SIGN_STYLE = Automatic;
				DEVELOPMENT_TEAM = GKLUN877QD;
				INFOPLIST_FILE = DressageCaller/Info.plist;
				LD_RUNPATH_SEARCH_PATHS = (
					"$(inherited)",
					"@executable_path/Frameworks",
				);
				PRODUCT_BUNDLE_IDENTIFIER = com.dressagecaller.app;
				SDKROOT = iphoneos;
				SWIFT_VERSION = 6.0;
				TARGETED_DEVICE_FAMILY = "1,2";
			};
			name = Release;
		};
		07444517C1CAD98806B63D72 /* Debug */ = {
			isa = XCBuildConfiguration;
			buildSettings = {
				ASSETCATALOG_COMPILER_APPICON_NAME = AppIcon;
				CODE_SIGN_IDENTITY = "iPhone Developer";
				CODE_SIGN_STYLE = Automatic;
				DEVELOPMENT_TEAM = GKLUN877QD;
				INFOPLIST_FILE = DressageCaller/Info.plist;
				LD_RUNPATH_SEARCH_PATHS = (
					"$(inherited)",
					"@executable_path/Frameworks",
				);
				PRODUCT_BUNDLE_IDENTIFIER = com.dressagecaller.app;
				SDKROOT = iphoneos;
				SWIFT_VERSION = 6.0;
				TARGETED_DEVICE_FAMILY = "1,2";
			};
			name = Debug;
		};
		727A9182A8D1278DF9196311 /* Release */ = {
			isa = XCBuildConfiguration;
			buildSettings = {
				ALWAYS_SEARCH_USER_PATHS = NO;
				CLANG_ANALYZER_NONNULL = YES;
				CLANG_ANALYZER_NUMBER_OBJECT_CONVERSION = YES_AGGRESSIVE;
				CLANG_CXX_LANGUAGE_STANDARD = "gnu++14";
				CLANG_CXX_LIBRARY = "libc++";
				CLANG_ENABLE_MODULES = YES;
				CLANG_ENABLE_OBJC_ARC = YES;
				CLANG_ENABLE_OBJC_WEAK = YES;
				CLANG_WARN_BLOCK_CAPTURE_AUTORELEASING = YES;
				CLANG_WARN_BOOL_CONVERSION = YES;
				CLANG_WARN_COMMA = YES;
				CLANG_WARN_CONSTANT_CONVERSION = YES;
				CLANG_WARN_DEPRECATED_OBJC_IMPLEMENTATIONS = YES;
				CLANG_WARN_DIRECT_OBJC_ISA_USAGE = YES_ERROR;
				CLANG_WARN_DOCUMENTATION_COMMENTS = YES;
				CLANG_WARN_EMPTY_BODY = YES;
				CLANG_WARN_ENUM_CONVERSION = YES;
				CLANG_WARN_INFINITE_RECURSION = YES;
				CLANG_WARN_INT_CONVERSION = YES;
				CLANG_WARN_NON_LITERAL_NULL_CONVERSION = YES;
				CLANG_WARN_OBJC_IMPLICIT_RETAIN_SELF = YES;
				CLANG_WARN_OBJC_LITERAL_CONVERSION = YES;
				CLANG_WARN_OBJC_ROOT_CLASS = YES_ERROR;
				CLANG_WARN_QUOTED_INCLUDE_IN_FRAMEWORK_HEADER = YES;
				CLANG_WARN_RANGE_LOOP_ANALYSIS = YES;
				CLANG_WARN_STRICT_PROTOTYPES = YES;
				CLANG_WARN_SUSPICIOUS_MOVE = YES;
				CLANG_WARN_UNGUARDED_AVAILABILITY = YES_AGGRESSIVE;
				CLANG_WARN_UNREACHABLE_CODE = YES;
				CLANG_WARN__DUPLICATE_METHOD_MATCH = YES;
				COPY_PHASE_STRIP = NO;
				DEBUG_INFORMATION_FORMAT = "dwarf-with-dsym";
				ENABLE_NS_ASSERTIONS = NO;
				ENABLE_STRICT_OBJC_MSGSEND = YES;
				GCC_C_LANGUAGE_STANDARD = gnu11;
				GCC_NO_COMMON_BLOCKS = YES;
				GCC_WARN_64_TO_32_BIT_CONVERSION = YES;
				GCC_WARN_ABOUT_RETURN_TYPE = YES_ERROR;
				GCC_WARN_UNDECLARED_SELECTOR = YES;
				GCC_WARN_UNINITIALIZED_AUTOS = YES_AGGRESSIVE;
				GCC_WARN_UNUSED_FUNCTION = YES;
				GCC_WARN_UNUSED_VARIABLE = YES;
				IPHONEOS_DEPLOYMENT_TARGET = 18.0;
				MTL_ENABLE_DEBUG_INFO = NO;
				MTL_FAST_MATH = YES;
				PRODUCT_NAME = "$(TARGET_NAME)";
				SDKROOT = iphoneos;
				SWIFT_COMPILATION_MODE = wholemodule;
				SWIFT_OPTIMIZATION_LEVEL = "-O";
				SWIFT_VERSION = 5.0;
			};
			name = Release;
		};
		77EE6E7D24CFB308B093235C /* Debug */ = {
			isa = XCBuildConfiguration;
			buildSettings = {
				ALWAYS_SEARCH_USER_PATHS = NO;
				CLANG_ANALYZER_NONNULL = YES;
				CLANG_ANALYZER_NUMBER_OBJECT_CONVERSION = YES_AGGRESSIVE;
				CLANG_CXX_LANGUAGE_STANDARD = "gnu++14";
				CLANG_CXX_LIBRARY = "libc++";
				CLANG_ENABLE_MODULES = YES;
				CLANG_ENABLE_OBJC_ARC = YES;
				CLANG_ENABLE_OBJC_WEAK = YES;
				CLANG_WARN_BLOCK_CAPTURE_AUTORELEASING = YES;
				CLANG_WARN_BOOL_CONVERSION = YES;
				CLANG_WARN_COMMA = YES;
				CLANG_WARN_CONSTANT_CONVERSION = YES;
				CLANG_WARN_DEPRECATED_OBJC_IMPLEMENTATIONS = YES;
				CLANG_WARN_DIRECT_OBJC_ISA_USAGE = YES_ERROR;
				CLANG_WARN_DOCUMENTATION_COMMENTS = YES;
				CLANG_WARN_EMPTY_BODY = YES;
				CLANG_WARN_ENUM_CONVERSION = YES;
				CLANG_WARN_INFINITE_RECURSION = YES;
				CLANG_WARN_INT_CONVERSION = YES;
				CLANG_WARN_NON_LITERAL_NULL_CONVERSION = YES;
				CLANG_WARN_OBJC_IMPLICIT_RETAIN_SELF = YES;
				CLANG_WARN_OBJC_LITERAL_CONVERSION = YES;
				CLANG_WARN_OBJC_ROOT_CLASS = YES_ERROR;
				CLANG_WARN_QUOTED_INCLUDE_IN_FRAMEWORK_HEADER = YES;
				CLANG_WARN_RANGE_LOOP_ANALYSIS = YES;
				CLANG_WARN_STRICT_PROTOTYPES = YES;
				CLANG_WARN_SUSPICIOUS_MOVE = YES;
				CLANG_WARN_UNGUARDED_AVAILABILITY = YES_AGGRESSIVE;
				CLANG_WARN_UNREACHABLE_CODE = YES;
				CLANG_WARN__DUPLICATE_METHOD_MATCH = YES;
				COPY_PHASE_STRIP = NO;
				DEBUG_INFORMATION_FORMAT = dwarf;
				ENABLE_STRICT_OBJC_MSGSEND = YES;
				ENABLE_TESTABILITY = YES;
				GCC_C_LANGUAGE_STANDARD = gnu11;
				GCC_DYNAMIC_NO_PIC = NO;
				GCC_NO_COMMON_BLOCKS = YES;
				GCC_OPTIMIZATION_LEVEL = 0;
				GCC_PREPROCESSOR_DEFINITIONS = (
					"$(inherited)",
					"DEBUG=1",
				);
				GCC_WARN_64_TO_32_BIT_CONVERSION = YES;
				GCC_WARN_ABOUT_RETURN_TYPE = YES_ERROR;
				GCC_WARN_UNDECLARED_SELECTOR = YES;
				GCC_WARN_UNINITIALIZED_AUTOS = YES_AGGRESSIVE;
				GCC_WARN_UNUSED_FUNCTION = YES;
				GCC_WARN_UNUSED_VARIABLE = YES;
				IPHONEOS_DEPLOYMENT_TARGET = 18.0;
				MTL_ENABLE_DEBUG_INFO = INCLUDE_SOURCE;
				MTL_FAST_MATH = YES;
				ONLY_ACTIVE_ARCH = YES;
				PRODUCT_NAME = "$(TARGET_NAME)";
				SDKROOT = iphoneos;
				SWIFT_ACTIVE_COMPILATION_CONDITIONS = DEBUG;
				SWIFT_OPTIMIZATION_LEVEL = "-Onone";
				SWIFT_VERSION = 5.0;
			};
			name = Debug;
		};
/* End XCBuildConfiguration section */

/* Begin XCConfigurationList section */
		60856689305560BCA98309AC /* Build configuration list for PBXProject "DressageCaller" */ = {
			isa = XCConfigurationList;
			buildConfigurations = (
				77EE6E7D24CFB308B093235C /* Debug */,
				727A9182A8D1278DF9196311 /* Release */,
			);
			defaultConfigurationIsVisible = 0;
			defaultConfigurationName = Debug;
		};
		88A9E6460F4D236D1B28C514 /* Build configuration list for PBXNativeTarget "DressageCaller" */ = {
			isa = XCConfigurationList;
			buildConfigurations = (
				07444517C1CAD98806B63D72 /* Debug */,
				06F56B73098B784A05936645 /* Release */,
			);
			defaultConfigurationIsVisible = 0;
			defaultConfigurationName = Debug;
		};
/* End XCConfigurationList section */
	};
	rootObject = DB70D8D38EEA9EC6A5065273 /* Project object */;
}
